
Microsoft Visual Studio Solution File, Format Version 12.00
# Visual Studio Version 17
VisualStudioVersion = 17.1.32328.378
MinimumVisualStudioVersion = 10.0.40219.1
Project("{FAE04EC0-301F-11D3-BF4B-00C04F79EFBC}") = "SomeFunGame", "SomeFunGame\SomeFunGame.csproj", "{7E1D50E9-B85B-426A-9272-2B05F1476140}"
EndProject
Global
	GlobalSection(SolutionConfigurationPlatforms) = preSolution
		Debug|Any CPU = Debug|Any CPU
		Release|Any CPU = Release|Any CPU
	EndGlobalSection
	GlobalSection(ProjectConfigurationPlatforms) = postSolution
		{7E1D50E9-B85B-426A-9272-2B05F1476140}.Debug|Any CPU.ActiveCfg = Debug|Any CPU
		{7E1D50E9-B85B-426A-9272-2B05F1476140}.Debug|Any CPU.Build.0 = Debug|Any CPU
		{7E1D50E9-B85B-426A-9272-2B05F1476140}.Release|Any CPU.ActiveCfg = Release|Any CPU
		{7E1D50E9-B85B-426A-9272-2B05F1476140}.Release|Any CPU.Build.0 = Release|Any CPU
	EndGlobalSection
	GlobalSection(SolutionProperties) = preSolution
		HideSolutionNode = FALSE
	EndGlobalSection
	GlobalSection(ExtensibilityGlobals) = postSolution
		SolutionGuid = {1D19C5C3-00CD-4D5B-88A8-24A9B5479D1F}
	EndGlobalSection
EndGlobal
